// !$*UTF8*$!
{
	archiveVersion = 1;
	classes = {
	};
	objectVersion = 77;
	objects = {

/* Begin PBXBuildFile section */
		AF8D72CA9C2699730A36DEAD /* SakiAgentSSHDaemonApp.swift in Sources */ = {isa = PBXBuildFile; fileRef = ECACB5CBACDED05F59BBD7B3 /* SakiAgentSSHDaemonApp.swift */; };
		BF3124FED9C4CF8D41346D82 /* Assets.xcassets in Resources */ = {isa = PBXBuildFile; fileRef = A5CDAA10AA0DDE082D7A91E5 /* Assets.xcassets */; };
/* End PBXBuildFile section */

/* Begin PBXFileReference section */
		036FF4300E72A37128AE70F8 /* SakiAgentSSHDaemon.app */ = {isa = PBXFileReference; explicitFileType = wrapper.application; includeInIndex = 0; path = SakiAgentSSHDaemon.app; sourceTree = BUILT_PRODUCTS_DIR; };
		A5CDAA10AA0DDE082D7A91E5 /* Assets.xcassets */ = {isa = PBXFileReference; lastKnownFileType = folder.assetcatalog; path = Assets.xcassets; sourceTree = "<group>"; };
		ECACB5CBACDED05F59BBD7B3 /* SakiAgentSSHDaemonApp.swift */ = {isa = PBXFileReference; lastKnownFileType = sourcecode.swift; path = SakiAgentSSHDaemonApp.swift; sourceTree = "<group>"; };
/* End PBXFileReference section */

/* Begin PBXGroup section */
		067FB21CABDFD21958692D52 /* Products */ = {
			isa = PBXGroup;
			children = (
				036FF4300E72A37128AE70F8 /* SakiAgentSSHDaemon.app */,
			);
			name = Products;
			sourceTree = "<group>";
		};
		30BD967E9DEC0975C8F8BE90 /* Sources */ = {
			isa = PBXGroup;
			children = (
				ECACB5CBACDED05F59BBD7B3 /* SakiAgentSSHDaemonApp.swift */,
			);
			path = Sources;
			sourceTree = "<group>";
		};
		AC0F96D9B49FE5282713281F = {
			isa = PBXGroup;
			children = (
				A5CDAA10AA0DDE082D7A91E5 /* Assets.xcassets */,
				30BD967E9DEC0975C8F8BE90 /* Sources */,
				067FB21CABDFD21958692D52 /* Products */,
			);
			sourceTree = "<group>";
		};
/* End PBXGroup section */

/* Begin PBXNativeTarget section */
		69FBC6685A82B9718ED48809 /* SakiAgentSSHDaemon */ = {
			isa = PBXNativeTarget;
			buildConfigurationList = 7A984C968DF74DF34C3441A7 /* Build configuration list for PBXNativeTarget "SakiAgentSSHDaemon" */;
			buildPhases = (
				959366789D43E1E762BC5C5F /* Sources */,
				05E63A1AE56C536F2BA34E1D /* Resources */,
				B6149197A9B4DC609A5F8794 /* Copy Resources */,
			);
			buildRules = (
			);
			dependencies = (
			);
			name = SakiAgentSSHDaemon;
			packageProductDependencies = (
			);
			productName = SakiAgentSSHDaemon;
			productReference = 036FF4300E72A37128AE70F8 /* SakiAgentSSHDaemon.app */;
			productType = "com.apple.product-type.application";
		};
/* End PBXNativeTarget section */

/* Begin PBXProject section */
		08B8FE6657DBCD041C2AFAE7 /* Project object */ = {
			isa = PBXProject;
			attributes = {
				BuildIndependentTargetsInParallel = YES;
				LastUpgradeCheck = 1600;
				TargetAttributes = {
					69FBC6685A82B9718ED48809 = {
						DevelopmentTeam = 36HPTNN8NU;
						ProvisioningStyle = Automatic;
					};
				};
			};
			buildConfigurationList = D68BC2A3230133E430E98AFB /* Build configuration list for PBXProject "SakiAgentSSHDaemon" */;
			compatibilityVersion = "Xcode 14.0";
			developmentRegion = en;
			hasScannedForEncodings = 0;
			knownRegions = (
				Base,
				en,
			);
			mainGroup = AC0F96D9B49FE5282713281F;
			minimizedProjectReferenceProxies = 1;
			preferredProjectObjectVersion = 77;
			projectDirPath = "";
			projectRoot = "";
			targets = (
				69FBC6685A82B9718ED48809 /* SakiAgentSSHDaemon */,
			);
		};
/* End PBXProject section */

/* Begin PBXResourcesBuildPhase section */
		05E63A1AE56C536F2BA34E1D /* Resources */ = {
			isa = PBXResourcesBuildPhase;
			buildActionMask = 2147483647;
			files = (
				BF3124FED9C4CF8D41346D82 /* Assets.xcassets in Resources */,
			);
			runOnlyForDeploymentPostprocessing = 0;
		};
/* End PBXResourcesBuildPhase section */

/* Begin PBXShellScriptBuildPhase section */
		B6149197A9B4DC609A5F8794 /* Copy Resources */ = {
			isa = PBXShellScriptBuildPhase;
			alwaysOutOfDate = 1;
			buildActionMask = 2147483647;
			files = (
			);
			inputFileListPaths = (
			);
			inputPaths = (
			);
			name = "Copy Resources";
			outputFileListPaths = (
			);
			outputPaths = (
			);
			runOnlyForDeploymentPostprocessing = 0;
			shellPath = /bin/sh;
			shellScript = "RES_DIR=\"${BUILT_PRODUCTS_DIR}/${UNLOCALIZED_RESOURCES_FOLDER_PATH}\"\nFONTS_DIR=\"${RES_DIR}/Fonts\"\nmkdir -p \"${FONTS_DIR}\"\ncp \"${SRCROOT}/Resources/GenJyuuGothicX-Regular.ttf\" \"${FONTS_DIR}/\" 2>/dev/null || true\ncp \"${SRCROOT}/Resources/Credits.rtf\" \"${RES_DIR}/\" 2>/dev/null || true\ncp \"${SRCROOT}/Resources/help_zh-Hant.md\" \"${RES_DIR}/\" 2>/dev/null || true\ncp \"${SRCROOT}/Resources/help_en-US.md\" \"${RES_DIR}/\" 2>/dev/null || true\ncp \"${SRCROOT}/Resources/help_ja-JP.md\" \"${RES_DIR}/\" 2>/dev/null || true\ncp \"${SRCROOT}/Resources/AppIcon.icns\" \"${RES_DIR}/\" 2>/dev/null || true\ncp \"${SRCROOT}/Resources/avan.png\" \"${RES_DIR}/\" 2>/dev/null || true\ncp \"${SRCROOT}/Resources/sakisshd\" \"${RES_DIR}/\" 2>/dev/null || true\nchmod +x \"${RES_DIR}/sakisshd\" 2>/dev/null || true\n# Codesign embedded binary with sandbox entitlements\nif [ -n \"${CODE_SIGN_IDENTITY}\" ] && [ \"${CODE_SIGN_IDENTITY}\" != \"-\" ]; then\n  codesign --force --sign \"${EXPANDED_CODE_SIGN_IDENTITY}\" \\\n    --entitlements \"${SRCROOT}/SakiAgentSSHDaemon.entitlements\" \\\n    --options runtime \\\n    \"${RES_DIR}/sakisshd\" 2>/dev/null || true\nfi\n# Copy dSYM to archive dSYMs folder\nif [ -d \"${SRCROOT}/Resources/sakisshd.dSYM\" ] && [ -n \"${ARCHIVE_DSYMS_DIR}\" ]; then\n  cp -r \"${SRCROOT}/Resources/sakisshd.dSYM\" \"${ARCHIVE_DSYMS_DIR}/\" 2>/dev/null || true\nfi\n";
		};
/* End PBXShellScriptBuildPhase section */

/* Begin PBXSourcesBuildPhase section */
		959366789D43E1E762BC5C5F /* Sources */ = {
			isa = PBXSourcesBuildPhase;
			buildActionMask = 2147483647;
			files = (
				AF8D72CA9C2699730A36DEAD /* SakiAgentSSHDaemonApp.swift in Sources */,
			);
			runOnlyForDeploymentPostprocessing = 0;
		};
/* End PBXSourcesBuildPhase section */

/* Begin XCBuildConfiguration section */
		26712EDF42A9A39EFDBA4781 /* Release */ = {
			isa = XCBuildConfiguration;
			buildSettings = {
				ASSETCATALOG_COMPILER_APPICON_NAME = AppIcon;
				ASSETCATALOG_COMPILER_OPTIMIZATION = "";
				CODE_SIGN_ENTITLEMENTS = SakiAgentSSHDaemon.entitlements;
				COMBINE_HIDPI_IMAGES = YES;
				ENABLE_ONLY_ACTIVE_RESOURCES = NO;
				INFOPLIST_KEY_CFBundleIconFile = AppIcon;
				INFOPLIST_KEY_NSHumanReadableCopyright = "© 2026 Saki Studio. All rights reserved.";
				LD_RUNPATH_SEARCH_PATHS = (
					"$(inherited)",
					"@executable_path/../Frameworks",
				);
				PRODUCT_BUNDLE_IDENTIFIER = "tw.com.saki-studio.SakiAgentSSH-Daemon-GUIapp";
				SDKROOT = macosx;
			};
			name = Release;
		};
		45887802AF52B252E5B42CAC /* Debug */ = {
			isa = XCBuildConfiguration;
			buildSettings = {
				ASSETCATALOG_COMPILER_APPICON_NAME = AppIcon;
				ASSETCATALOG_COMPILER_OPTIMIZATION = "";
				CODE_SIGN_ENTITLEMENTS = SakiAgentSSHDaemon.entitlements;
				COMBINE_HIDPI_IMAGES = YES;
				ENABLE_ONLY_ACTIVE_RESOURCES = NO;
				INFOPLIST_KEY_CFBundleIconFile = AppIcon;
				INFOPLIST_KEY_NSHumanReadableCopyright = "© 2026 Saki Studio. All rights reserved.";
				LD_RUNPATH_SEARCH_PATHS = (
					"$(inherited)",
					"@executable_path/../Frameworks",
				);
				PRODUCT_BUNDLE_IDENTIFIER = "tw.com.saki-studio.SakiAgentSSH-Daemon-GUIapp";
				SDKROOT = macosx;
			};
			name = Debug;
		};
		AB056FBE7053ABEE525F9959 /* Release */ = {
			isa = XCBuildConfiguration;
			buildSettings = {
				ALWAYS_SEARCH_USER_PATHS = NO;
				ASSETCATALOG_COMPILER_APPICON_NAME = AppIcon;
				CLANG_ANALYZER_NONNULL = YES;
				CLANG_ANALYZER_NUMBER_OBJECT_CONVERSION = YES_AGGRESSIVE;
				CLANG_CXX_LANGUAGE_STANDARD = "gnu++14";
				CLANG_CXX_LIBRARY = "libc++";
				CLANG_ENABLE_MODULES = YES;
				CLANG_ENABLE_OBJC_ARC = YES;
				CLANG_ENABLE_OBJC_WEAK = YES;
				CLANG_WARN_BLOCK_CAPTURE_AUTORELEASING = YES;
				CLANG_WARN_BOOL_CONVERSION = YES;
				CLANG_WARN_COMMA = YES;
				CLANG_WARN_CONSTANT_CONVERSION = YES;
				CLANG_WARN_DEPRECATED_OBJC_IMPLEMENTATIONS = YES;
				CLANG_WARN_DIRECT_OBJC_ISA_USAGE = YES_ERROR;
				CLANG_WARN_DOCUMENTATION_COMMENTS = YES;
				CLANG_WARN_EMPTY_BODY = YES;
				CLANG_WARN_ENUM_CONVERSION = YES;
				CLANG_WARN_INFINITE_RECURSION = YES;
				CLANG_WARN_INT_CONVERSION = YES;
				CLANG_WARN_NON_LITERAL_NULL_CONVERSION = YES;
				CLANG_WARN_OBJC_IMPLICIT_RETAIN_SELF = YES;
				CLANG_WARN_OBJC_LITERAL_CONVERSION = YES;
				CLANG_WARN_OBJC_ROOT_CLASS = YES_ERROR;
				CLANG_WARN_QUOTED_INCLUDE_IN_FRAMEWORK_HEADER = YES;
				CLANG_WARN_RANGE_LOOP_ANALYSIS = YES;
				CLANG_WARN_STRICT_PROTOTYPES = YES;
				CLANG_WARN_SUSPICIOUS_MOVE = YES;
				CLANG_WARN_UNGUARDED_AVAILABILITY = YES_AGGRESSIVE;
				CLANG_WARN_UNREACHABLE_CODE = YES;
				CLANG_WARN__DUPLICATE_METHOD_MATCH = YES;
				CODE_SIGN_STYLE = Automatic;
				COPY_PHASE_STRIP = NO;
				CURRENT_PROJECT_VERSION = 9;
				DEBUG_INFORMATION_FORMAT = "dwarf-with-dsym";
				DEVELOPMENT_TEAM = 36HPTNN8NU;
				ENABLE_NS_ASSERTIONS = NO;
				ENABLE_STRICT_OBJC_MSGSEND = YES;
				GCC_C_LANGUAGE_STANDARD = gnu11;
				GCC_NO_COMMON_BLOCKS = YES;
				GCC_WARN_64_TO_32_BIT_CONVERSION = YES;
				GCC_WARN_ABOUT_RETURN_TYPE = YES_ERROR;
				GCC_WARN_UNDECLARED_SELECTOR = YES;
				GCC_WARN_UNINITIALIZED_AUTOS = YES_AGGRESSIVE;
				GCC_WARN_UNUSED_FUNCTION = YES;
				GCC_WARN_UNUSED_VARIABLE = YES;
				GENERATE_INFOPLIST_FILE = YES;
				INFOPLIST_KEY_ATSApplicationFontsPath = Fonts;
				INFOPLIST_KEY_CFBundleDisplayName = "SakiAgentSSH Daemon";
				INFOPLIST_KEY_ITSAppUsesNonExemptEncryption = NO;
				INFOPLIST_KEY_LSApplicationCategoryType = "public.app-category.developer-tools";
				INFOPLIST_KEY_NSHumanReadableCopyright = "© 2026 Saki Studio. All rights reserved.";
				MACOSX_DEPLOYMENT_TARGET = 13.0;
				MARKETING_VERSION = 1.0.0;
				MTL_ENABLE_DEBUG_INFO = NO;
				MTL_FAST_MATH = YES;
				PRODUCT_NAME = "$(TARGET_NAME)";
				SDKROOT = macosx;
				SWIFT_COMPILATION_MODE = wholemodule;
				SWIFT_EMIT_LOC_STRINGS = YES;
				SWIFT_OPTIMIZATION_LEVEL = "-O";
				SWIFT_VERSION = 5.0;
			};
			name = Release;
		};
		CAAEEB9BBF39D08E331A143D /* Debug */ = {
			isa = XCBuildConfiguration;
			buildSettings = {
				ALWAYS_SEARCH_USER_PATHS = NO;
				ASSETCATALOG_COMPILER_APPICON_NAME = AppIcon;
				CLANG_ANALYZER_NONNULL = YES;
				CLANG_ANALYZER_NUMBER_OBJECT_CONVERSION = YES_AGGRESSIVE;
				CLANG_CXX_LANGUAGE_STANDARD = "gnu++14";
				CLANG_CXX_LIBRARY = "libc++";
				CLANG_ENABLE_MODULES = YES;
				CLANG_ENABLE_OBJC_ARC = YES;
				CLANG_ENABLE_OBJC_WEAK = YES;
				CLANG_WARN_BLOCK_CAPTURE_AUTORELEASING = YES;
				CLANG_WARN_BOOL_CONVERSION = YES;
				CLANG_WARN_COMMA = YES;
				CLANG_WARN_CONSTANT_CONVERSION = YES;
				CLANG_WARN_DEPRECATED_OBJC_IMPLEMENTATIONS = YES;
				CLANG_WARN_DIRECT_OBJC_ISA_USAGE = YES_ERROR;
				CLANG_WARN_DOCUMENTATION_COMMENTS = YES;
				CLANG_WARN_EMPTY_BODY = YES;
				CLANG_WARN_ENUM_CONVERSION = YES;
				CLANG_WARN_INFINITE_RECURSION = YES;
				CLANG_WARN_INT_CONVERSION = YES;
				CLANG_WARN_NON_LITERAL_NULL_CONVERSION = YES;
				CLANG_WARN_OBJC_IMPLICIT_RETAIN_SELF = YES;
				CLANG_WARN_OBJC_LITERAL_CONVERSION = YES;
				CLANG_WARN_OBJC_ROOT_CLASS = YES_ERROR;
				CLANG_WARN_QUOTED_INCLUDE_IN_FRAMEWORK_HEADER = YES;
				CLANG_WARN_RANGE_LOOP_ANALYSIS = YES;
				CLANG_WARN_STRICT_PROTOTYPES = YES;
				CLANG_WARN_SUSPICIOUS_MOVE = YES;
				CLANG_WARN_UNGUARDED_AVAILABILITY = YES_AGGRESSIVE;
				CLANG_WARN_UNREACHABLE_CODE = YES;
				CLANG_WARN__DUPLICATE_METHOD_MATCH = YES;
				CODE_SIGN_STYLE = Automatic;
				COPY_PHASE_STRIP = NO;
				CURRENT_PROJECT_VERSION = 9;
				DEBUG_INFORMATION_FORMAT = dwarf;
				DEVELOPMENT_TEAM = 36HPTNN8NU;
				ENABLE_STRICT_OBJC_MSGSEND = YES;
				ENABLE_TESTABILITY = YES;
				GCC_C_LANGUAGE_STANDARD = gnu11;
				GCC_DYNAMIC_NO_PIC = NO;
				GCC_NO_COMMON_BLOCKS = YES;
				GCC_OPTIMIZATION_LEVEL = 0;
				GCC_PREPROCESSOR_DEFINITIONS = (
					"$(inherited)",
					"DEBUG=1",
				);
				GCC_WARN_64_TO_32_BIT_CONVERSION = YES;
				GCC_WARN_ABOUT_RETURN_TYPE = YES_ERROR;
				GCC_WARN_UNDECLARED_SELECTOR = YES;
				GCC_WARN_UNINITIALIZED_AUTOS = YES_AGGRESSIVE;
				GCC_WARN_UNUSED_FUNCTION = YES;
				GCC_WARN_UNUSED_VARIABLE = YES;
				GENERATE_INFOPLIST_FILE = YES;
				INFOPLIST_KEY_ATSApplicationFontsPath = Fonts;
				INFOPLIST_KEY_CFBundleDisplayName = "SakiAgentSSH Daemon";
				INFOPLIST_KEY_ITSAppUsesNonExemptEncryption = NO;
				INFOPLIST_KEY_LSApplicationCategoryType = "public.app-category.developer-tools";
				INFOPLIST_KEY_NSHumanReadableCopyright = "© 2026 Saki Studio. All rights reserved.";
				MACOSX_DEPLOYMENT_TARGET = 13.0;
				MARKETING_VERSION = 1.0.0;
				MTL_ENABLE_DEBUG_INFO = INCLUDE_SOURCE;
				MTL_FAST_MATH = YES;
				ONLY_ACTIVE_ARCH = YES;
				PRODUCT_NAME = "$(TARGET_NAME)";
				SDKROOT = macosx;
				SWIFT_ACTIVE_COMPILATION_CONDITIONS = DEBUG;
				SWIFT_EMIT_LOC_STRINGS = YES;
				SWIFT_OPTIMIZATION_LEVEL = "-Onone";
				SWIFT_VERSION = 5.0;
			};
			name = Debug;
		};
/* End XCBuildConfiguration section */

/* Begin XCConfigurationList section */
		7A984C968DF74DF34C3441A7 /* Build configuration list for PBXNativeTarget "SakiAgentSSHDaemon" */ = {
			isa = XCConfigurationList;
			buildConfigurations = (
				45887802AF52B252E5B42CAC /* Debug */,
				26712EDF42A9A39EFDBA4781 /* Release */,
			);
			defaultConfigurationIsVisible = 0;
			defaultConfigurationName = Debug;
		};
		D68BC2A3230133E430E98AFB /* Build configuration list for PBXProject "SakiAgentSSHDaemon" */ = {
			isa = XCConfigurationList;
			buildConfigurations = (
				CAAEEB9BBF39D08E331A143D /* Debug */,
				AB056FBE7053ABEE525F9959 /* Release */,
			);
			defaultConfigurationIsVisible = 0;
			defaultConfigurationName = Debug;
		};
/* End XCConfigurationList section */
	};
	rootObject = 08B8FE6657DBCD041C2AFAE7 /* Project object */;
}
